
Microsoft Visual Studio Solution File, Format Version 12.00
# Visual Studio 15
VisualStudioVersion = 15.0.27004.2005
MinimumVisualStudioVersion = 10.0.40219.1
Project("{888888A0-9F3D-457C-B088-3A5042F75D52}") = "AlienInvasion.py", "AlienInvasion.py.pyproj", "{8912B078-505A-4F04-B63A-258B22395555}"
EndProject
Global
	GlobalSection(SolutionConfigurationPlatforms) = preSolution
		Debug|Any CPU = Debug|Any CPU
		Release|Any CPU = Release|Any CPU
	EndGlobalSection
	GlobalSection(ProjectConfigurationPlatforms) = postSolution
		{8912B078-505A-4F04-B63A-258B22395555}.Debug|Any CPU.ActiveCfg = Debug|Any CPU
		{8912B078-505A-4F04-B63A-258B22395555}.Release|Any CPU.ActiveCfg = Release|Any CPU
	EndGlobalSection
	GlobalSection(SolutionProperties) = preSolution
		HideSolutionNode = FALSE
	EndGlobalSection
	GlobalSection(ExtensibilityGlobals) = postSolution
		SolutionGuid = {DD8F80E7-AC91-4F8C-90C0-D9B93E213909}
	EndGlobalSection
EndGlobal
